
Microsoft Visual Studio Solution File, Format Version 12.00
# Visual Studio Version 17
VisualStudioVersion = 17.9.34701.34
MinimumVisualStudioVersion = 10.0.40219.1
Project("{FAE04EC0-301F-11D3-BF4B-00C04F79EFBC}") = "EmployeeManagement.API", "EmployeeManagement.API\EmployeeManagement.API.csproj", "{7C10DC10-CA97-4EF3-A906-3382ED3465BD}"
EndProject
Global
	GlobalSection(SolutionConfigurationPlatforms) = preSolution
		Debug|Any CPU = Debug|Any CPU
		Release|Any CPU = Release|Any CPU
	EndGlobalSection
	GlobalSection(ProjectConfigurationPlatforms) = postSolution
		{7C10DC10-CA97-4EF3-A906-3382ED3465BD}.Debug|Any CPU.ActiveCfg = Debug|Any CPU
		{7C10DC10-CA97-4EF3-A906-3382ED3465BD}.Debug|Any CPU.Build.0 = Debug|Any CPU
		{7C10DC10-CA97-4EF3-A906-3382ED3465BD}.Release|Any CPU.ActiveCfg = Release|Any CPU
		{7C10DC10-CA97-4EF3-A906-3382ED3465BD}.Release|Any CPU.Build.0 = Release|Any CPU
	EndGlobalSection
	GlobalSection(SolutionProperties) = preSolution
		HideSolutionNode = FALSE
	EndGlobalSection
	GlobalSection(ExtensibilityGlobals) = postSolution
		SolutionGuid = {886051F2-E705-4D93-8F1A-73114AA96EFB}
	EndGlobalSection
EndGlobal
